
Microsoft Visual Studio Solution File, Format Version 12.00
# Visual Studio Version 16
VisualStudioVersion = 16.0.31005.135
MinimumVisualStudioVersion = 10.0.40219.1
Project("{FAE04EC0-301F-11D3-BF4B-00C04F79EFBC}") = "bewerbung", "bewerbung\bewerbung.csproj", "{9E4C7CA4-2631-43EC-BE57-CE4FD4FB1614}"
EndProject
Global
	GlobalSection(SolutionConfigurationPlatforms) = preSolution
		Debug|Any CPU = Debug|Any CPU
		Release|Any CPU = Release|Any CPU
	EndGlobalSection
	GlobalSection(ProjectConfigurationPlatforms) = postSolution
		{9E4C7CA4-2631-43EC-BE57-CE4FD4FB1614}.Debug|Any CPU.ActiveCfg = Debug|Any CPU
		{9E4C7CA4-2631-43EC-BE57-CE4FD4FB1614}.Debug|Any CPU.Build.0 = Debug|Any CPU
		{9E4C7CA4-2631-43EC-BE57-CE4FD4FB1614}.Release|Any CPU.ActiveCfg = Release|Any CPU
		{9E4C7CA4-2631-43EC-BE57-CE4FD4FB1614}.Release|Any CPU.Build.0 = Release|Any CPU
	EndGlobalSection
	GlobalSection(SolutionProperties) = preSolution
		HideSolutionNode = FALSE
	EndGlobalSection
	GlobalSection(ExtensibilityGlobals) = postSolution
		SolutionGuid = {6AE355D9-99D9-4366-B24B-384F0292FC25}
	EndGlobalSection
EndGlobal
